// !$*UTF8*$!
{
	archiveVersion = 1;
	classes = {
	};
	objectVersion = 55;
	objects = {

/* Begin PBXBuildFile section */
		613B9FB62A1E3C9100ECA8B4 /* ImageSelectScreen.swift in Sources */ = {isa = PBXBuildFile; fileRef = 613B9FB52A1E3C9100ECA8B4 /* ImageSelectScreen.swift */; };
		613B9FB82A1E51E000ECA8B4 /* ModifierSelectScreen.swift in Sources */ = {isa = PBXBuildFile; fileRef = 613B9FB72A1E51E000ECA8B4 /* ModifierSelectScreen.swift */; };
		615F3DC729F532260065BFC9 /* TitleText.swift in Sources */ = {isa = PBXBuildFile; fileRef = 615F3DC629F532260065BFC9 /* TitleText.swift */; };
		617449F429AB70D900A2F1D4 /* ImagePicker.swift in Sources */ = {isa = PBXBuildFile; fileRef = 617449F329AB70D900A2F1D4 /* ImagePicker.swift */; };
		617462272A434FF000D7D39E /* ResultView.swift in Sources */ = {isa = PBXBuildFile; fileRef = 617462262A434FF000D7D39E /* ResultView.swift */; };
		61B8C0BB29AB557800B33439 /* FacePartsEditorApp.swift in Sources */ = {isa = PBXBuildFile; fileRef = 61B8C0BA29AB557800B33439 /* FacePartsEditorApp.swift */; };
		61B8C0BD29AB557800B33439 /* ContentView.swift in Sources */ = {isa = PBXBuildFile; fileRef = 61B8C0BC29AB557800B33439 /* ContentView.swift */; };
		61B8C0BF29AB557900B33439 /* Assets.xcassets in Resources */ = {isa = PBXBuildFile; fileRef = 61B8C0BE29AB557900B33439 /* Assets.xcassets */; };
		61B8C0C229AB557900B33439 /* Preview Assets.xcassets in Resources */ = {isa = PBXBuildFile; fileRef = 61B8C0C129AB557900B33439 /* Preview Assets.xcassets */; };
		61B8C0CA29AB55EF00B33439 /* APIClient.swift in Sources */ = {isa = PBXBuildFile; fileRef = 61B8C0C929AB55EF00B33439 /* APIClient.swift */; };
		61B8C0CC29AB5EB200B33439 /* ImageAPI.swift in Sources */ = {isa = PBXBuildFile; fileRef = 61B8C0CB29AB5EB200B33439 /* ImageAPI.swift */; };
		61DAF12D2A18902300B2A3C4 /* ImageSelectView.swift in Sources */ = {isa = PBXBuildFile; fileRef = 61DAF12C2A18902300B2A3C4 /* ImageSelectView.swift */; };
		61DF6F0129F96BCB00FE8BD0 /* ImageCropView.swift in Sources */ = {isa = PBXBuildFile; fileRef = 61DF6F0029F96BCB00FE8BD0 /* ImageCropView.swift */; };
		61DF6F0329F96BE400FE8BD0 /* ImageCropViewModel.swift in Sources */ = {isa = PBXBuildFile; fileRef = 61DF6F0229F96BE400FE8BD0 /* ImageCropViewModel.swift */; };
		B96067C5286782DCBD0F6262 /* Pods_FacePartsEditor.framework in Frameworks */ = {isa = PBXBuildFile; fileRef = DEF27A7C4A7BA70D4A136531 /* Pods_FacePartsEditor.framework */; };
/* End PBXBuildFile section */

/* Begin PBXFileReference section */
		05B435CA9ED65A581FAEE63C /* Pods-FacePartsEditor.debug.xcconfig */ = {isa = PBXFileReference; includeInIndex = 1; lastKnownFileType = text.xcconfig; name = "Pods-FacePartsEditor.debug.xcconfig"; path = "Target Support Files/Pods-FacePartsEditor/Pods-FacePartsEditor.debug.xcconfig"; sourceTree = "<group>"; };
		5CA2D655E60FA7101283BC97 /* Pods-FacePartsEditor.release.xcconfig */ = {isa = PBXFileReference; includeInIndex = 1; lastKnownFileType = text.xcconfig; name = "Pods-FacePartsEditor.release.xcconfig"; path = "Target Support Files/Pods-FacePartsEditor/Pods-FacePartsEditor.release.xcconfig"; sourceTree = "<group>"; };
		613B9FB52A1E3C9100ECA8B4 /* ImageSelectScreen.swift */ = {isa = PBXFileReference; lastKnownFileType = sourcecode.swift; path = ImageSelectScreen.swift; sourceTree = "<group>"; };
		613B9FB72A1E51E000ECA8B4 /* ModifierSelectScreen.swift */ = {isa = PBXFileReference; lastKnownFileType = sourcecode.swift; path = ModifierSelectScreen.swift; sourceTree = "<group>"; };
		615F3DC629F532260065BFC9 /* TitleText.swift */ = {isa = PBXFileReference; lastKnownFileType = sourcecode.swift; path = TitleText.swift; sourceTree = "<group>"; };
		617449F329AB70D900A2F1D4 /* ImagePicker.swift */ = {isa = PBXFileReference; lastKnownFileType = sourcecode.swift; path = ImagePicker.swift; sourceTree = "<group>"; };
		617462262A434FF000D7D39E /* ResultView.swift */ = {isa = PBXFileReference; lastKnownFileType = sourcecode.swift; path = ResultView.swift; sourceTree = "<group>"; };
		61A46A0529DB10EF007D9E64 /* Info.plist */ = {isa = PBXFileReference; lastKnownFileType = text.plist; path = Info.plist; sourceTree = "<group>"; };
		61B8C0B729AB557800B33439 /* FacePartsEditor.app */ = {isa = PBXFileReference; explicitFileType = wrapper.application; includeInIndex = 0; path = FacePartsEditor.app; sourceTree = BUILT_PRODUCTS_DIR; };
		61B8C0BA29AB557800B33439 /* FacePartsEditorApp.swift */ = {isa = PBXFileReference; lastKnownFileType = sourcecode.swift; path = FacePartsEditorApp.swift; sourceTree = "<group>"; };
		61B8C0BC29AB557800B33439 /* ContentView.swift */ = {isa = PBXFileReference; lastKnownFileType = sourcecode.swift; path = ContentView.swift; sourceTree = "<group>"; };
		61B8C0BE29AB557900B33439 /* Assets.xcassets */ = {isa = PBXFileReference; lastKnownFileType = folder.assetcatalog; path = Assets.xcassets; sourceTree = "<group>"; };
		61B8C0C129AB557900B33439 /* Preview Assets.xcassets */ = {isa = PBXFileReference; lastKnownFileType = folder.assetcatalog; path = "Preview Assets.xcassets"; sourceTree = "<group>"; };
		61B8C0C929AB55EF00B33439 /* APIClient.swift */ = {isa = PBXFileReference; lastKnownFileType = sourcecode.swift; path = APIClient.swift; sourceTree = "<group>"; };
		61B8C0CB29AB5EB200B33439 /* ImageAPI.swift */ = {isa = PBXFileReference; lastKnownFileType = sourcecode.swift; path = ImageAPI.swift; sourceTree = "<group>"; };
		61DAF12C2A18902300B2A3C4 /* ImageSelectView.swift */ = {isa = PBXFileReference; lastKnownFileType = sourcecode.swift; path = ImageSelectView.swift; sourceTree = "<group>"; };
		61DF6F0029F96BCB00FE8BD0 /* ImageCropView.swift */ = {isa = PBXFileReference; lastKnownFileType = sourcecode.swift; path = ImageCropView.swift; sourceTree = "<group>"; };
		61DF6F0229F96BE400FE8BD0 /* ImageCropViewModel.swift */ = {isa = PBXFileReference; lastKnownFileType = sourcecode.swift; path = ImageCropViewModel.swift; sourceTree = "<group>"; };
		DEF27A7C4A7BA70D4A136531 /* Pods_FacePartsEditor.framework */ = {isa = PBXFileReference; explicitFileType = wrapper.framework; includeInIndex = 0; path = Pods_FacePartsEditor.framework; sourceTree = BUILT_PRODUCTS_DIR; };
/* End PBXFileReference section */

/* Begin PBXFrameworksBuildPhase section */
		61B8C0B429AB557800B33439 /* Frameworks */ = {
			isa = PBXFrameworksBuildPhase;
			buildActionMask = 2147483647;
			files = (
				B96067C5286782DCBD0F6262 /* Pods_FacePartsEditor.framework in Frameworks */,
			);
			runOnlyForDeploymentPostprocessing = 0;
		};
/* End PBXFrameworksBuildPhase section */

/* Begin PBXGroup section */
		20D72893939D34F60008A5C8 /* Pods */ = {
			isa = PBXGroup;
			children = (
				05B435CA9ED65A581FAEE63C /* Pods-FacePartsEditor.debug.xcconfig */,
				5CA2D655E60FA7101283BC97 /* Pods-FacePartsEditor.release.xcconfig */,
			);
			path = Pods;
			sourceTree = "<group>";
		};
		3A5801262B270CC2391AE450 /* Frameworks */ = {
			isa = PBXGroup;
			children = (
				DEF27A7C4A7BA70D4A136531 /* Pods_FacePartsEditor.framework */,
			);
			name = Frameworks;
			sourceTree = "<group>";
		};
		615F3DC529F531F90065BFC9 /* common */ = {
			isa = PBXGroup;
			children = (
				615F3DC629F532260065BFC9 /* TitleText.swift */,
			);
			path = common;
			sourceTree = "<group>";
		};
		617449F229AB70C700A2F1D4 /* view */ = {
			isa = PBXGroup;
			children = (
				615F3DC529F531F90065BFC9 /* common */,
				617449F329AB70D900A2F1D4 /* ImagePicker.swift */,
				61DF6F0029F96BCB00FE8BD0 /* ImageCropView.swift */,
				61DAF12C2A18902300B2A3C4 /* ImageSelectView.swift */,
				613B9FB52A1E3C9100ECA8B4 /* ImageSelectScreen.swift */,
				613B9FB72A1E51E000ECA8B4 /* ModifierSelectScreen.swift */,
				617462262A434FF000D7D39E /* ResultView.swift */,
			);
			path = view;
			sourceTree = "<group>";
		};
		61B8C0AE29AB557800B33439 = {
			isa = PBXGroup;
			children = (
				61B8C0B929AB557800B33439 /* FacePartsEditor */,
				61B8C0B829AB557800B33439 /* Products */,
				20D72893939D34F60008A5C8 /* Pods */,
				3A5801262B270CC2391AE450 /* Frameworks */,
			);
			sourceTree = "<group>";
		};
		61B8C0B829AB557800B33439 /* Products */ = {
			isa = PBXGroup;
			children = (
				61B8C0B729AB557800B33439 /* FacePartsEditor.app */,
			);
			name = Products;
			sourceTree = "<group>";
		};
		61B8C0B929AB557800B33439 /* FacePartsEditor */ = {
			isa = PBXGroup;
			children = (
				61A46A0529DB10EF007D9E64 /* Info.plist */,
				617449F229AB70C700A2F1D4 /* view */,
				61B8C0CD29AB5EF900B33439 /* model */,
				61B8C0C829AB558D00B33439 /* api */,
				61B8C0BA29AB557800B33439 /* FacePartsEditorApp.swift */,
				61B8C0BC29AB557800B33439 /* ContentView.swift */,
				61B8C0BE29AB557900B33439 /* Assets.xcassets */,
				61B8C0C029AB557900B33439 /* Preview Content */,
			);
			path = FacePartsEditor;
			sourceTree = "<group>";
		};
		61B8C0C029AB557900B33439 /* Preview Content */ = {
			isa = PBXGroup;
			children = (
				61B8C0C129AB557900B33439 /* Preview Assets.xcassets */,
			);
			path = "Preview Content";
			sourceTree = "<group>";
		};
		61B8C0C829AB558D00B33439 /* api */ = {
			isa = PBXGroup;
			children = (
				61B8C0C929AB55EF00B33439 /* APIClient.swift */,
				61B8C0CB29AB5EB200B33439 /* ImageAPI.swift */,
			);
			path = api;
			sourceTree = "<group>";
		};
		61B8C0CD29AB5EF900B33439 /* model */ = {
			isa = PBXGroup;
			children = (
				61DF6F0229F96BE400FE8BD0 /* ImageCropViewModel.swift */,
			);
			path = model;
			sourceTree = "<group>";
		};
/* End PBXGroup section */

/* Begin PBXNativeTarget section */
		61B8C0B629AB557800B33439 /* FacePartsEditor */ = {
			isa = PBXNativeTarget;
			buildConfigurationList = 61B8C0C529AB557900B33439 /* Build configuration list for PBXNativeTarget "FacePartsEditor" */;
			buildPhases = (
				DD6FDEA191FF80D97F996BB7 /* [CP] Check Pods Manifest.lock */,
				61B8C0B329AB557800B33439 /* Sources */,
				61B8C0B429AB557800B33439 /* Frameworks */,
				61B8C0B529AB557800B33439 /* Resources */,
			);
			buildRules = (
			);
			dependencies = (
			);
			name = FacePartsEditor;
			productName = FacePartsEditor;
			productReference = 61B8C0B729AB557800B33439 /* FacePartsEditor.app */;
			productType = "com.apple.product-type.application";
		};
/* End PBXNativeTarget section */

/* Begin PBXProject section */
		61B8C0AF29AB557800B33439 /* Project object */ = {
			isa = PBXProject;
			attributes = {
				BuildIndependentTargetsInParallel = 1;
				LastSwiftUpdateCheck = 1340;
				LastUpgradeCheck = 1340;
				TargetAttributes = {
					61B8C0B629AB557800B33439 = {
						CreatedOnToolsVersion = 13.4;
					};
				};
			};
			buildConfigurationList = 61B8C0B229AB557800B33439 /* Build configuration list for PBXProject "FacePartsEditor" */;
			compatibilityVersion = "Xcode 13.0";
			developmentRegion = en;
			hasScannedForEncodings = 0;
			knownRegions = (
				en,
				Base,
			);
			mainGroup = 61B8C0AE29AB557800B33439;
			productRefGroup = 61B8C0B829AB557800B33439 /* Products */;
			projectDirPath = "";
			projectRoot = "";
			targets = (
				61B8C0B629AB557800B33439 /* FacePartsEditor */,
			);
		};
/* End PBXProject section */

/* Begin PBXResourcesBuildPhase section */
		61B8C0B529AB557800B33439 /* Resources */ = {
			isa = PBXResourcesBuildPhase;
			buildActionMask = 2147483647;
			files = (
				61B8C0C229AB557900B33439 /* Preview Assets.xcassets in Resources */,
				61B8C0BF29AB557900B33439 /* Assets.xcassets in Resources */,
			);
			runOnlyForDeploymentPostprocessing = 0;
		};
/* End PBXResourcesBuildPhase section */

/* Begin PBXShellScriptBuildPhase section */
		DD6FDEA191FF80D97F996BB7 /* [CP] Check Pods Manifest.lock */ = {
			isa = PBXShellScriptBuildPhase;
			buildActionMask = 2147483647;
			files = (
			);
			inputFileListPaths = (
			);
			inputPaths = (
				"${PODS_PODFILE_DIR_PATH}/Podfile.lock",
				"${PODS_ROOT}/Manifest.lock",
			);
			name = "[CP] Check Pods Manifest.lock";
			outputFileListPaths = (
			);
			outputPaths = (
				"$(DERIVED_FILE_DIR)/Pods-FacePartsEditor-checkManifestLockResult.txt",
			);
			runOnlyForDeploymentPostprocessing = 0;
			shellPath = /bin/sh;
			shellScript = "diff \"${PODS_PODFILE_DIR_PATH}/Podfile.lock\" \"${PODS_ROOT}/Manifest.lock\" > /dev/null\nif [ $? != 0 ] ; then\n    # print error to STDERR\n    echo \"error: The sandbox is not in sync with the Podfile.lock. Run 'pod install' or update your CocoaPods installation.\" >&2\n    exit 1\nfi\n# This output is used by Xcode 'outputs' to avoid re-running this script phase.\necho \"SUCCESS\" > \"${SCRIPT_OUTPUT_FILE_0}\"\n";
			showEnvVarsInLog = 0;
		};
/* End PBXShellScriptBuildPhase section */

/* Begin PBXSourcesBuildPhase section */
		61B8C0B329AB557800B33439 /* Sources */ = {
			isa = PBXSourcesBuildPhase;
			buildActionMask = 2147483647;
			files = (
				61B8C0BD29AB557800B33439 /* ContentView.swift in Sources */,
				615F3DC729F532260065BFC9 /* TitleText.swift in Sources */,
				61B8C0BB29AB557800B33439 /* FacePartsEditorApp.swift in Sources */,
				613B9FB62A1E3C9100ECA8B4 /* ImageSelectScreen.swift in Sources */,
				617449F429AB70D900A2F1D4 /* ImagePicker.swift in Sources */,
				617462272A434FF000D7D39E /* ResultView.swift in Sources */,
				61DF6F0129F96BCB00FE8BD0 /* ImageCropView.swift in Sources */,
				61B8C0CC29AB5EB200B33439 /* ImageAPI.swift in Sources */,
				61DAF12D2A18902300B2A3C4 /* ImageSelectView.swift in Sources */,
				61DF6F0329F96BE400FE8BD0 /* ImageCropViewModel.swift in Sources */,
				61B8C0CA29AB55EF00B33439 /* APIClient.swift in Sources */,
				613B9FB82A1E51E000ECA8B4 /* ModifierSelectScreen.swift in Sources */,
			);
			runOnlyForDeploymentPostprocessing = 0;
		};
/* End PBXSourcesBuildPhase section */

/* Begin XCBuildConfiguration section */
		61B8C0C329AB557900B33439 /* Debug */ = {
			isa = XCBuildConfiguration;
			buildSettings = {
				ALWAYS_SEARCH_USER_PATHS = NO;
				CLANG_ANALYZER_NONNULL = YES;
				CLANG_ANALYZER_NUMBER_OBJECT_CONVERSION = YES_AGGRESSIVE;
				CLANG_CXX_LANGUAGE_STANDARD = "gnu++17";
				CLANG_ENABLE_MODULES = YES;
				CLANG_ENABLE_OBJC_ARC = YES;
				CLANG_ENABLE_OBJC_WEAK = YES;
				CLANG_WARN_BLOCK_CAPTURE_AUTORELEASING = YES;
				CLANG_WARN_BOOL_CONVERSION = YES;
				CLANG_WARN_COMMA = YES;
				CLANG_WARN_CONSTANT_CONVERSION = YES;
				CLANG_WARN_DEPRECATED_OBJC_IMPLEMENTATIONS = YES;
				CLANG_WARN_DIRECT_OBJC_ISA_USAGE = YES_ERROR;
				CLANG_WARN_DOCUMENTATION_COMMENTS = YES;
				CLANG_WARN_EMPTY_BODY = YES;
				CLANG_WARN_ENUM_CONVERSION = YES;
				CLANG_WARN_INFINITE_RECURSION = YES;
				CLANG_WARN_INT_CONVERSION = YES;
				CLANG_WARN_NON_LITERAL_NULL_CONVERSION = YES;
				CLANG_WARN_OBJC_IMPLICIT_RETAIN_SELF = YES;
				CLANG_WARN_OBJC_LITERAL_CONVERSION = YES;
				CLANG_WARN_OBJC_ROOT_CLASS = YES_ERROR;
				CLANG_WARN_QUOTED_INCLUDE_IN_FRAMEWORK_HEADER = YES;
				CLANG_WARN_RANGE_LOOP_ANALYSIS = YES;
				CLANG_WARN_STRICT_PROTOTYPES = YES;
				CLANG_WARN_SUSPICIOUS_MOVE = YES;
				CLANG_WARN_UNGUARDED_AVAILABILITY = YES_AGGRESSIVE;
				CLANG_WARN_UNREACHABLE_CODE = YES;
				CLANG_WARN__DUPLICATE_METHOD_MATCH = YES;
				COPY_PHASE_STRIP = NO;
				DEBUG_INFORMATION_FORMAT = dwarf;
				ENABLE_STRICT_OBJC_MSGSEND = YES;
				ENABLE_TESTABILITY = YES;
				"EXCLUDED_ARCHS[sdk=*]" = arm64;
				GCC_C_LANGUAGE_STANDARD = gnu11;
				GCC_DYNAMIC_NO_PIC = NO;
				GCC_NO_COMMON_BLOCKS = YES;
				GCC_OPTIMIZATION_LEVEL = 0;
				GCC_PREPROCESSOR_DEFINITIONS = (
					"DEBUG=1",
					"$(inherited)",
				);
				GCC_WARN_64_TO_32_BIT_CONVERSION = YES;
				GCC_WARN_ABOUT_RETURN_TYPE = YES_ERROR;
				GCC_WARN_UNDECLARED_SELECTOR = YES;
				GCC_WARN_UNINITIALIZED_AUTOS = YES_AGGRESSIVE;
				GCC_WARN_UNUSED_FUNCTION = YES;
				GCC_WARN_UNUSED_VARIABLE = YES;
				IPHONEOS_DEPLOYMENT_TARGET = 15.5;
				MTL_ENABLE_DEBUG_INFO = INCLUDE_SOURCE;
				MTL_FAST_MATH = YES;
				ONLY_ACTIVE_ARCH = YES;
				SDKROOT = iphoneos;
				SWIFT_ACTIVE_COMPILATION_CONDITIONS = DEBUG;
				SWIFT_OPTIMIZATION_LEVEL = "-Onone";
			};
			name = Debug;
		};
		61B8C0C429AB557900B33439 /* Release */ = {
			isa = XCBuildConfiguration;
			buildSettings = {
				ALWAYS_SEARCH_USER_PATHS = NO;
				CLANG_ANALYZER_NONNULL = YES;
				CLANG_ANALYZER_NUMBER_OBJECT_CONVERSION = YES_AGGRESSIVE;
				CLANG_CXX_LANGUAGE_STANDARD = "gnu++17";
				CLANG_ENABLE_MODULES = YES;
				CLANG_ENABLE_OBJC_ARC = YES;
				CLANG_ENABLE_OBJC_WEAK = YES;
				CLANG_WARN_BLOCK_CAPTURE_AUTORELEASING = YES;
				CLANG_WARN_BOOL_CONVERSION = YES;
				CLANG_WARN_COMMA = YES;
				CLANG_WARN_CONSTANT_CONVERSION = YES;
				CLANG_WARN_DEPRECATED_OBJC_IMPLEMENTATIONS = YES;
				CLANG_WARN_DIRECT_OBJC_ISA_USAGE = YES_ERROR;
				CLANG_WARN_DOCUMENTATION_COMMENTS = YES;
				CLANG_WARN_EMPTY_BODY = YES;
				CLANG_WARN_ENUM_CONVERSION = YES;
				CLANG_WARN_INFINITE_RECURSION = YES;
				CLANG_WARN_INT_CONVERSION = YES;
				CLANG_WARN_NON_LITERAL_NULL_CONVERSION = YES;
				CLANG_WARN_OBJC_IMPLICIT_RETAIN_SELF = YES;
				CLANG_WARN_OBJC_LITERAL_CONVERSION = YES;
				CLANG_WARN_OBJC_ROOT_CLASS = YES_ERROR;
				CLANG_WARN_QUOTED_INCLUDE_IN_FRAMEWORK_HEADER = YES;
				CLANG_WARN_RANGE_LOOP_ANALYSIS = YES;
				CLANG_WARN_STRICT_PROTOTYPES = YES;
				CLANG_WARN_SUSPICIOUS_MOVE = YES;
				CLANG_WARN_UNGUARDED_AVAILABILITY = YES_AGGRESSIVE;
				CLANG_WARN_UNREACHABLE_CODE = YES;
				CLANG_WARN__DUPLICATE_METHOD_MATCH = YES;
				COPY_PHASE_STRIP = NO;
				DEBUG_INFORMATION_FORMAT = "dwarf-with-dsym";
				ENABLE_NS_ASSERTIONS = NO;
				ENABLE_STRICT_OBJC_MSGSEND = YES;
				"EXCLUDED_ARCHS[sdk=*]" = arm64;
				GCC_C_LANGUAGE_STANDARD = gnu11;
				GCC_NO_COMMON_BLOCKS = YES;
				GCC_WARN_64_TO_32_BIT_CONVERSION = YES;
				GCC_WARN_ABOUT_RETURN_TYPE = YES_ERROR;
				GCC_WARN_UNDECLARED_SELECTOR = YES;
				GCC_WARN_UNINITIALIZED_AUTOS = YES_AGGRESSIVE;
				GCC_WARN_UNUSED_FUNCTION = YES;
				GCC_WARN_UNUSED_VARIABLE = YES;
				IPHONEOS_DEPLOYMENT_TARGET = 15.5;
				MTL_ENABLE_DEBUG_INFO = NO;
				MTL_FAST_MATH = YES;
				SDKROOT = iphoneos;
				SWIFT_COMPILATION_MODE = wholemodule;
				SWIFT_OPTIMIZATION_LEVEL = "-O";
				VALIDATE_PRODUCT = YES;
			};
			name = Release;
		};
		61B8C0C629AB557900B33439 /* Debug */ = {
			isa = XCBuildConfiguration;
			baseConfigurationReference = 05B435CA9ED65A581FAEE63C /* Pods-FacePartsEditor.debug.xcconfig */;
			buildSettings = {
				ASSETCATALOG_COMPILER_APPICON_NAME = AppIcon;
				ASSETCATALOG_COMPILER_GLOBAL_ACCENT_COLOR_NAME = AccentColor;
				CODE_SIGN_STYLE = Automatic;
				CURRENT_PROJECT_VERSION = 1;
				DEVELOPMENT_ASSET_PATHS = "\"FacePartsEditor/Preview Content\"";
				DEVELOPMENT_TEAM = 9CMWD4VPJ6;
				ENABLE_PREVIEWS = YES;
				GENERATE_INFOPLIST_FILE = YES;
				INFOPLIST_FILE = FacePartsEditor/Info.plist;
				INFOPLIST_KEY_UIApplicationSceneManifest_Generation = YES;
				INFOPLIST_KEY_UIApplicationSupportsIndirectInputEvents = YES;
				INFOPLIST_KEY_UILaunchScreen_Generation = YES;
				INFOPLIST_KEY_UISupportedInterfaceOrientations_iPad = "UIInterfaceOrientationPortrait UIInterfaceOrientationPortraitUpsideDown UIInterfaceOrientationLandscapeLeft UIInterfaceOrientationLandscapeRight";
				INFOPLIST_KEY_UISupportedInterfaceOrientations_iPhone = "UIInterfaceOrientationPortrait UIInterfaceOrientationLandscapeLeft UIInterfaceOrientationLandscapeRight";
				IPHONEOS_DEPLOYMENT_TARGET = 16.0;
				LD_RUNPATH_SEARCH_PATHS = (
					"$(inherited)",
					"@executable_path/Frameworks",
				);
				MARKETING_VERSION = 1.0;
				PRODUCT_BUNDLE_IDENTIFIER = com.wallant.FacePartsEditor;
				PRODUCT_NAME = "$(TARGET_NAME)";
				SWIFT_EMIT_LOC_STRINGS = YES;
				SWIFT_VERSION = 5.0;
				TARGETED_DEVICE_FAMILY = "1,2";
			};
			name = Debug;
		};
		61B8C0C729AB557900B33439 /* Release */ = {
			isa = XCBuildConfiguration;
			baseConfigurationReference = 5CA2D655E60FA7101283BC97 /* Pods-FacePartsEditor.release.xcconfig */;
			buildSettings = {
				ASSETCATALOG_COMPILER_APPICON_NAME = AppIcon;
				ASSETCATALOG_COMPILER_GLOBAL_ACCENT_COLOR_NAME = AccentColor;
				CODE_SIGN_STYLE = Automatic;
				CURRENT_PROJECT_VERSION = 1;
				DEVELOPMENT_ASSET_PATHS = "\"FacePartsEditor/Preview Content\"";
				DEVELOPMENT_TEAM = 9CMWD4VPJ6;
				ENABLE_PREVIEWS = YES;
				GENERATE_INFOPLIST_FILE = YES;
				INFOPLIST_FILE = FacePartsEditor/Info.plist;
				INFOPLIST_KEY_UIApplicationSceneManifest_Generation = YES;
				INFOPLIST_KEY_UIApplicationSupportsIndirectInputEvents = YES;
				INFOPLIST_KEY_UILaunchScreen_Generation = YES;
				INFOPLIST_KEY_UISupportedInterfaceOrientations_iPad = "UIInterfaceOrientationPortrait UIInterfaceOrientationPortraitUpsideDown UIInterfaceOrientationLandscapeLeft UIInterfaceOrientationLandscapeRight";
				INFOPLIST_KEY_UISupportedInterfaceOrientations_iPhone = "UIInterfaceOrientationPortrait UIInterfaceOrientationLandscapeLeft UIInterfaceOrientationLandscapeRight";
				IPHONEOS_DEPLOYMENT_TARGET = 16.0;
				LD_RUNPATH_SEARCH_PATHS = (
					"$(inherited)",
					"@executable_path/Frameworks",
				);
				MARKETING_VERSION = 1.0;
				PRODUCT_BUNDLE_IDENTIFIER = com.wallant.FacePartsEditor;
				PRODUCT_NAME = "$(TARGET_NAME)";
				SWIFT_EMIT_LOC_STRINGS = YES;
				SWIFT_VERSION = 5.0;
				TARGETED_DEVICE_FAMILY = "1,2";
			};
			name = Release;
		};
/* End XCBuildConfiguration section */

/* Begin XCConfigurationList section */
		61B8C0B229AB557800B33439 /* Build configuration list for PBXProject "FacePartsEditor" */ = {
			isa = XCConfigurationList;
			buildConfigurations = (
				61B8C0C329AB557900B33439 /* Debug */,
				61B8C0C429AB557900B33439 /* Release */,
			);
			defaultConfigurationIsVisible = 0;
			defaultConfigurationName = Release;
		};
		61B8C0C529AB557900B33439 /* Build configuration list for PBXNativeTarget "FacePartsEditor" */ = {
			isa = XCConfigurationList;
			buildConfigurations = (
				61B8C0C629AB557900B33439 /* Debug */,
				61B8C0C729AB557900B33439 /* Release */,
			);
			defaultConfigurationIsVisible = 0;
			defaultConfigurationName = Release;
		};
/* End XCConfigurationList section */
	};
	rootObject = 61B8C0AF29AB557800B33439 /* Project object */;
}
